
Microsoft Visual Studio Solution File, Format Version 12.00
# Visual Studio 15
VisualStudioVersion = 15.0.27130.2027
MinimumVisualStudioVersion = 10.0.40219.1
Project("{FAE04EC0-301F-11D3-BF4B-00C04F79EFBC}") = "Lab_01", "Lab_01\Lab_01.csproj", "{4E5E2F51-28F7-42D9-945E-09294A9E3327}"
EndProject
Global
	GlobalSection(SolutionConfigurationPlatforms) = preSolution
		Debug|Any CPU = Debug|Any CPU
		Release|Any CPU = Release|Any CPU
	EndGlobalSection
	GlobalSection(ProjectConfigurationPlatforms) = postSolution
		{4E5E2F51-28F7-42D9-945E-09294A9E3327}.Debug|Any CPU.ActiveCfg = Debug|Any CPU
		{4E5E2F51-28F7-42D9-945E-09294A9E3327}.Debug|Any CPU.Build.0 = Debug|Any CPU
		{4E5E2F51-28F7-42D9-945E-09294A9E3327}.Release|Any CPU.ActiveCfg = Release|Any CPU
		{4E5E2F51-28F7-42D9-945E-09294A9E3327}.Release|Any CPU.Build.0 = Release|Any CPU
	EndGlobalSection
	GlobalSection(SolutionProperties) = preSolution
		HideSolutionNode = FALSE
	EndGlobalSection
	GlobalSection(ExtensibilityGlobals) = postSolution
		SolutionGuid = {7F737EE9-AC2B-4E0F-9E24-487CE0AF9399}
	EndGlobalSection
EndGlobal
